
Microsoft Visual Studio Solution File, Format Version 12.00
# Visual Studio Version 17
VisualStudioVersion = 17.2.32516.85
MinimumVisualStudioVersion = 10.0.40219.1
Project("{FAE04EC0-301F-11D3-BF4B-00C04F79EFBC}") = "chatAppRatings", "chatAppRatings\chatAppRatings.csproj", "{08B44979-6A4D-418C-BF5D-7955C15F98D7}"
EndProject
Global
	GlobalSection(SolutionConfigurationPlatforms) = preSolution
		Debug|Any CPU = Debug|Any CPU
		Release|Any CPU = Release|Any CPU
	EndGlobalSection
	GlobalSection(ProjectConfigurationPlatforms) = postSolution
		{08B44979-6A4D-418C-BF5D-7955C15F98D7}.Debug|Any CPU.ActiveCfg = Debug|Any CPU
		{08B44979-6A4D-418C-BF5D-7955C15F98D7}.Debug|Any CPU.Build.0 = Debug|Any CPU
		{08B44979-6A4D-418C-BF5D-7955C15F98D7}.Release|Any CPU.ActiveCfg = Release|Any CPU
		{08B44979-6A4D-418C-BF5D-7955C15F98D7}.Release|Any CPU.Build.0 = Release|Any CPU
	EndGlobalSection
	GlobalSection(SolutionProperties) = preSolution
		HideSolutionNode = FALSE
	EndGlobalSection
	GlobalSection(ExtensibilityGlobals) = postSolution
		SolutionGuid = {206833C4-95A0-4744-9A4A-56E0AD157F4D}
	EndGlobalSection
EndGlobal
